
Microsoft Visual Studio Solution File, Format Version 12.00
# Visual Studio Version 16
VisualStudioVersion = 16.0.29009.5
MinimumVisualStudioVersion = 10.0.40219.1
Project("{FAE04EC0-301F-11D3-BF4B-00C04F79EFBC}") = "Calculator", "Calculator\Calculator.csproj", "{889C2068-A54B-4B64-9550-EA7940612BAA}"
EndProject
Project("{FAE04EC0-301F-11D3-BF4B-00C04F79EFBC}") = "Problem_2", "Problem_2\Problem_2.csproj", "{810C78A7-5891-464E-A333-072FFFEADA72}"
EndProject
Global
	GlobalSection(SolutionConfigurationPlatforms) = preSolution
		Debug|Any CPU = Debug|Any CPU
		Release|Any CPU = Release|Any CPU
	EndGlobalSection
	GlobalSection(ProjectConfigurationPlatforms) = postSolution
		{889C2068-A54B-4B64-9550-EA7940612BAA}.Debug|Any CPU.ActiveCfg = Debug|Any CPU
		{889C2068-A54B-4B64-9550-EA7940612BAA}.Debug|Any CPU.Build.0 = Debug|Any CPU
		{889C2068-A54B-4B64-9550-EA7940612BAA}.Release|Any CPU.ActiveCfg = Release|Any CPU
		{889C2068-A54B-4B64-9550-EA7940612BAA}.Release|Any CPU.Build.0 = Release|Any CPU
		{810C78A7-5891-464E-A333-072FFFEADA72}.Debug|Any CPU.ActiveCfg = Debug|Any CPU
		{810C78A7-5891-464E-A333-072FFFEADA72}.Debug|Any CPU.Build.0 = Debug|Any CPU
		{810C78A7-5891-464E-A333-072FFFEADA72}.Release|Any CPU.ActiveCfg = Release|Any CPU
		{810C78A7-5891-464E-A333-072FFFEADA72}.Release|Any CPU.Build.0 = Release|Any CPU
	EndGlobalSection
	GlobalSection(SolutionProperties) = preSolution
		HideSolutionNode = FALSE
	EndGlobalSection
	GlobalSection(ExtensibilityGlobals) = postSolution
		SolutionGuid = {EC8CDD45-95E1-42CE-BA6F-500574D31985}
	EndGlobalSection
EndGlobal
