
Microsoft Visual Studio Solution File, Format Version 12.00
# Visual Studio Version 16
VisualStudioVersion = 16.0.29009.5
MinimumVisualStudioVersion = 10.0.40219.1
Project("{FAE04EC0-301F-11D3-BF4B-00C04F79EFBC}") = "SimpleMultiThreadChatServer", "SimpleMultiThreadChatServer\SimpleMultiThreadChatServer.csproj", "{328C5360-272A-4A78-A322-E5B302497665}"
EndProject
Global
	GlobalSection(SolutionConfigurationPlatforms) = preSolution
		Debug|Any CPU = Debug|Any CPU
		Release|Any CPU = Release|Any CPU
	EndGlobalSection
	GlobalSection(ProjectConfigurationPlatforms) = postSolution
		{328C5360-272A-4A78-A322-E5B302497665}.Debug|Any CPU.ActiveCfg = Debug|Any CPU
		{328C5360-272A-4A78-A322-E5B302497665}.Debug|Any CPU.Build.0 = Debug|Any CPU
		{328C5360-272A-4A78-A322-E5B302497665}.Release|Any CPU.ActiveCfg = Release|Any CPU
		{328C5360-272A-4A78-A322-E5B302497665}.Release|Any CPU.Build.0 = Release|Any CPU
	EndGlobalSection
	GlobalSection(SolutionProperties) = preSolution
		HideSolutionNode = FALSE
	EndGlobalSection
	GlobalSection(ExtensibilityGlobals) = postSolution
		SolutionGuid = {026B52E7-E144-4F96-A5A4-9DA4E084F3D6}
	EndGlobalSection
EndGlobal
