
Microsoft Visual Studio Solution File, Format Version 12.00
# Visual Studio Version 16
VisualStudioVersion = 16.0.29009.5
MinimumVisualStudioVersion = 10.0.40219.1
Project("{FAE04EC0-301F-11D3-BF4B-00C04F79EFBC}") = "Digital_Clock", "Digital_Clock\Digital_Clock.csproj", "{4D6F1F94-7BCD-46B1-887C-516A2CFCEBDC}"
EndProject
Project("{FAE04EC0-301F-11D3-BF4B-00C04F79EFBC}") = "Lab_9b_Problem_2", "Lab_9b_Problem_2\Lab_9b_Problem_2.csproj", "{23328CF8-8BAB-4DFD-98E6-DE66AF944DCE}"
EndProject
Project("{FAE04EC0-301F-11D3-BF4B-00C04F79EFBC}") = "Lab_9b_Problem_1", "Lab_9b_Problem_1\Lab_9b_Problem_1.csproj", "{AAD12B03-4493-405E-B9D2-0EFFF9290C84}"
EndProject
Project("{FAE04EC0-301F-11D3-BF4B-00C04F79EFBC}") = "Probelm_3_StoreManager", "Probelm_3_StoreManager\Probelm_3_StoreManager.csproj", "{40FB15BB-11B9-4D77-AA5C-6106FBF0BE2D}"
EndProject
Global
	GlobalSection(SolutionConfigurationPlatforms) = preSolution
		Debug|Any CPU = Debug|Any CPU
		Release|Any CPU = Release|Any CPU
	EndGlobalSection
	GlobalSection(ProjectConfigurationPlatforms) = postSolution
		{4D6F1F94-7BCD-46B1-887C-516A2CFCEBDC}.Debug|Any CPU.ActiveCfg = Debug|Any CPU
		{4D6F1F94-7BCD-46B1-887C-516A2CFCEBDC}.Debug|Any CPU.Build.0 = Debug|Any CPU
		{4D6F1F94-7BCD-46B1-887C-516A2CFCEBDC}.Release|Any CPU.ActiveCfg = Release|Any CPU
		{4D6F1F94-7BCD-46B1-887C-516A2CFCEBDC}.Release|Any CPU.Build.0 = Release|Any CPU
		{23328CF8-8BAB-4DFD-98E6-DE66AF944DCE}.Debug|Any CPU.ActiveCfg = Debug|Any CPU
		{23328CF8-8BAB-4DFD-98E6-DE66AF944DCE}.Debug|Any CPU.Build.0 = Debug|Any CPU
		{23328CF8-8BAB-4DFD-98E6-DE66AF944DCE}.Release|Any CPU.ActiveCfg = Release|Any CPU
		{23328CF8-8BAB-4DFD-98E6-DE66AF944DCE}.Release|Any CPU.Build.0 = Release|Any CPU
		{AAD12B03-4493-405E-B9D2-0EFFF9290C84}.Debug|Any CPU.ActiveCfg = Debug|Any CPU
		{AAD12B03-4493-405E-B9D2-0EFFF9290C84}.Debug|Any CPU.Build.0 = Debug|Any CPU
		{AAD12B03-4493-405E-B9D2-0EFFF9290C84}.Release|Any CPU.ActiveCfg = Release|Any CPU
		{AAD12B03-4493-405E-B9D2-0EFFF9290C84}.Release|Any CPU.Build.0 = Release|Any CPU
		{40FB15BB-11B9-4D77-AA5C-6106FBF0BE2D}.Debug|Any CPU.ActiveCfg = Debug|Any CPU
		{40FB15BB-11B9-4D77-AA5C-6106FBF0BE2D}.Debug|Any CPU.Build.0 = Debug|Any CPU
		{40FB15BB-11B9-4D77-AA5C-6106FBF0BE2D}.Release|Any CPU.ActiveCfg = Release|Any CPU
		{40FB15BB-11B9-4D77-AA5C-6106FBF0BE2D}.Release|Any CPU.Build.0 = Release|Any CPU
	EndGlobalSection
	GlobalSection(SolutionProperties) = preSolution
		HideSolutionNode = FALSE
	EndGlobalSection
	GlobalSection(ExtensibilityGlobals) = postSolution
		SolutionGuid = {67502881-359F-4004-BF0B-1C4B005C5124}
	EndGlobalSection
EndGlobal
