
Microsoft Visual Studio Solution File, Format Version 12.00
# Visual Studio Version 16
VisualStudioVersion = 16.0.29009.5
MinimumVisualStudioVersion = 10.0.40219.1
Project("{9A19103F-16F7-4668-BE54-9A1E7A4F7556}") = "Lab_5_Problem_1", "Project_1\Lab_5_Problem_1.csproj", "{03E73F11-1760-4E1A-9541-DA0C1B7B878E}"
EndProject
Project("{FAE04EC0-301F-11D3-BF4B-00C04F79EFBC}") = "Lab_5_Problem_3a", "Lab_5_Problem_3\Lab_5_Problem_3a.csproj", "{778D44BD-E5EB-4276-8BED-8EF8E9B16339}"
EndProject
Project("{FAE04EC0-301F-11D3-BF4B-00C04F79EFBC}") = "Lab_5_Problem_4a", "Lab_5_Problem_4a\Lab_5_Problem_4a.csproj", "{F92C57D8-22B1-44F9-845F-3DD128E051DE}"
EndProject
Project("{FAE04EC0-301F-11D3-BF4B-00C04F79EFBC}") = "Lab_5_Problem_4b", "Lab_5_Problem_4b\Lab_5_Problem_4b.csproj", "{099A30C1-813A-4F55-8034-35FDEFFBEA15}"
EndProject
Project("{FAE04EC0-301F-11D3-BF4B-00C04F79EFBC}") = "Lab_5_Problem_2", "Lab_5_Problem_2\Lab_5_Problem_2.csproj", "{A29F8262-F861-4A13-BF56-15EB8FF3DA33}"
EndProject
Global
	GlobalSection(SolutionConfigurationPlatforms) = preSolution
		Debug|Any CPU = Debug|Any CPU
		Release|Any CPU = Release|Any CPU
	EndGlobalSection
	GlobalSection(ProjectConfigurationPlatforms) = postSolution
		{03E73F11-1760-4E1A-9541-DA0C1B7B878E}.Debug|Any CPU.ActiveCfg = Debug|Any CPU
		{03E73F11-1760-4E1A-9541-DA0C1B7B878E}.Debug|Any CPU.Build.0 = Debug|Any CPU
		{03E73F11-1760-4E1A-9541-DA0C1B7B878E}.Release|Any CPU.ActiveCfg = Release|Any CPU
		{03E73F11-1760-4E1A-9541-DA0C1B7B878E}.Release|Any CPU.Build.0 = Release|Any CPU
		{778D44BD-E5EB-4276-8BED-8EF8E9B16339}.Debug|Any CPU.ActiveCfg = Debug|Any CPU
		{778D44BD-E5EB-4276-8BED-8EF8E9B16339}.Debug|Any CPU.Build.0 = Debug|Any CPU
		{778D44BD-E5EB-4276-8BED-8EF8E9B16339}.Release|Any CPU.ActiveCfg = Release|Any CPU
		{778D44BD-E5EB-4276-8BED-8EF8E9B16339}.Release|Any CPU.Build.0 = Release|Any CPU
		{F92C57D8-22B1-44F9-845F-3DD128E051DE}.Debug|Any CPU.ActiveCfg = Debug|Any CPU
		{F92C57D8-22B1-44F9-845F-3DD128E051DE}.Debug|Any CPU.Build.0 = Debug|Any CPU
		{F92C57D8-22B1-44F9-845F-3DD128E051DE}.Release|Any CPU.ActiveCfg = Release|Any CPU
		{F92C57D8-22B1-44F9-845F-3DD128E051DE}.Release|Any CPU.Build.0 = Release|Any CPU
		{099A30C1-813A-4F55-8034-35FDEFFBEA15}.Debug|Any CPU.ActiveCfg = Debug|Any CPU
		{099A30C1-813A-4F55-8034-35FDEFFBEA15}.Debug|Any CPU.Build.0 = Debug|Any CPU
		{099A30C1-813A-4F55-8034-35FDEFFBEA15}.Release|Any CPU.ActiveCfg = Release|Any CPU
		{099A30C1-813A-4F55-8034-35FDEFFBEA15}.Release|Any CPU.Build.0 = Release|Any CPU
		{A29F8262-F861-4A13-BF56-15EB8FF3DA33}.Debug|Any CPU.ActiveCfg = Debug|Any CPU
		{A29F8262-F861-4A13-BF56-15EB8FF3DA33}.Debug|Any CPU.Build.0 = Debug|Any CPU
		{A29F8262-F861-4A13-BF56-15EB8FF3DA33}.Release|Any CPU.ActiveCfg = Release|Any CPU
		{A29F8262-F861-4A13-BF56-15EB8FF3DA33}.Release|Any CPU.Build.0 = Release|Any CPU
	EndGlobalSection
	GlobalSection(SolutionProperties) = preSolution
		HideSolutionNode = FALSE
	EndGlobalSection
	GlobalSection(ExtensibilityGlobals) = postSolution
		SolutionGuid = {24BB41D0-57DD-476B-803D-C41979D5113D}
	EndGlobalSection
EndGlobal
