
Microsoft Visual Studio Solution File, Format Version 12.00
# Visual Studio 14
VisualStudioVersion = 14.0.25420.1
MinimumVisualStudioVersion = 10.0.40219.1
Project("{FAE04EC0-301F-11D3-BF4B-00C04F79EFBC}") = "GenericParamConstraints", "GenericParamConstraints\GenericParamConstraints.csproj", "{2564318D-E087-404E-98E2-392BCF10CACA}"
EndProject
Project("{FAE04EC0-301F-11D3-BF4B-00C04F79EFBC}") = "IComparerSample", "IComparerSample\IComparerSample.csproj", "{47D76F92-CD64-4BAA-B13F-B7977E26D395}"
EndProject
Project("{FAE04EC0-301F-11D3-BF4B-00C04F79EFBC}") = "ArrayListSortIComparer", "ArrayListSortIComparer\ArrayListSortIComparer.csproj", "{AF652C67-0D43-4E2F-9F30-CE6A4761863E}"
EndProject
Project("{FAE04EC0-301F-11D3-BF4B-00C04F79EFBC}") = "CompableComparerLab", "CompableComparerLab\CompableComparerLab.csproj", "{1C764903-C13E-4D3B-8030-3B526C8E2AD9}"
EndProject
Project("{FAE04EC0-301F-11D3-BF4B-00C04F79EFBC}") = "DefaultKeywordProject", "DefaultKeywordProject\DefaultKeywordProject.csproj", "{41F9D8DA-0566-4A1F-9678-54C3A8495F29}"
EndProject
Project("{FAE04EC0-301F-11D3-BF4B-00C04F79EFBC}") = "ShortSamples", "ShortSamples\ShortSamples.csproj", "{EC0471F3-6A8E-4187-80F6-3C06432DF40D}"
EndProject
Project("{FAE04EC0-301F-11D3-BF4B-00C04F79EFBC}") = "ComparerSample", "ComparerSample\ComparerSample.csproj", "{57CA0C55-29AC-4BF2-8CF0-EC4847550881}"
EndProject
Project("{FAE04EC0-301F-11D3-BF4B-00C04F79EFBC}") = "DictionaryDemo", "DictionaryDemo\DictionaryDemo.csproj", "{4078EE15-614D-4CE6-B19D-1439D417713A}"
EndProject
Project("{FAE04EC0-301F-11D3-BF4B-00C04F79EFBC}") = "SortedListSample", "SortedListSample\SortedListSample.csproj", "{4A63ABE1-B16C-4ECF-A27F-371133790018}"
EndProject
Project("{FAE04EC0-301F-11D3-BF4B-00C04F79EFBC}") = "SortedDictionarySample", "SortedDictionarySample\SortedDictionarySample.csproj", "{92F32654-65B5-4FE5-BFCC-E2D577A35A52}"
EndProject
Project("{FAE04EC0-301F-11D3-BF4B-00C04F79EFBC}") = "EqualityCompaperSample", "EqualityCompaperSample\EqualityCompaperSample.csproj", "{20152B01-71FC-40D6-B7C6-A0A785DC4C5F}"
EndProject
Global
	GlobalSection(SolutionConfigurationPlatforms) = preSolution
		Debug|Any CPU = Debug|Any CPU
		Release|Any CPU = Release|Any CPU
	EndGlobalSection
	GlobalSection(ProjectConfigurationPlatforms) = postSolution
		{2564318D-E087-404E-98E2-392BCF10CACA}.Debug|Any CPU.ActiveCfg = Debug|Any CPU
		{2564318D-E087-404E-98E2-392BCF10CACA}.Debug|Any CPU.Build.0 = Debug|Any CPU
		{2564318D-E087-404E-98E2-392BCF10CACA}.Release|Any CPU.ActiveCfg = Release|Any CPU
		{2564318D-E087-404E-98E2-392BCF10CACA}.Release|Any CPU.Build.0 = Release|Any CPU
		{47D76F92-CD64-4BAA-B13F-B7977E26D395}.Debug|Any CPU.ActiveCfg = Debug|Any CPU
		{47D76F92-CD64-4BAA-B13F-B7977E26D395}.Debug|Any CPU.Build.0 = Debug|Any CPU
		{47D76F92-CD64-4BAA-B13F-B7977E26D395}.Release|Any CPU.ActiveCfg = Release|Any CPU
		{47D76F92-CD64-4BAA-B13F-B7977E26D395}.Release|Any CPU.Build.0 = Release|Any CPU
		{AF652C67-0D43-4E2F-9F30-CE6A4761863E}.Debug|Any CPU.ActiveCfg = Debug|Any CPU
		{AF652C67-0D43-4E2F-9F30-CE6A4761863E}.Debug|Any CPU.Build.0 = Debug|Any CPU
		{AF652C67-0D43-4E2F-9F30-CE6A4761863E}.Release|Any CPU.ActiveCfg = Release|Any CPU
		{AF652C67-0D43-4E2F-9F30-CE6A4761863E}.Release|Any CPU.Build.0 = Release|Any CPU
		{1C764903-C13E-4D3B-8030-3B526C8E2AD9}.Debug|Any CPU.ActiveCfg = Debug|Any CPU
		{1C764903-C13E-4D3B-8030-3B526C8E2AD9}.Debug|Any CPU.Build.0 = Debug|Any CPU
		{1C764903-C13E-4D3B-8030-3B526C8E2AD9}.Release|Any CPU.ActiveCfg = Release|Any CPU
		{1C764903-C13E-4D3B-8030-3B526C8E2AD9}.Release|Any CPU.Build.0 = Release|Any CPU
		{41F9D8DA-0566-4A1F-9678-54C3A8495F29}.Debug|Any CPU.ActiveCfg = Debug|Any CPU
		{41F9D8DA-0566-4A1F-9678-54C3A8495F29}.Debug|Any CPU.Build.0 = Debug|Any CPU
		{41F9D8DA-0566-4A1F-9678-54C3A8495F29}.Release|Any CPU.ActiveCfg = Release|Any CPU
		{41F9D8DA-0566-4A1F-9678-54C3A8495F29}.Release|Any CPU.Build.0 = Release|Any CPU
		{EC0471F3-6A8E-4187-80F6-3C06432DF40D}.Debug|Any CPU.ActiveCfg = Debug|Any CPU
		{EC0471F3-6A8E-4187-80F6-3C06432DF40D}.Debug|Any CPU.Build.0 = Debug|Any CPU
		{EC0471F3-6A8E-4187-80F6-3C06432DF40D}.Release|Any CPU.ActiveCfg = Release|Any CPU
		{EC0471F3-6A8E-4187-80F6-3C06432DF40D}.Release|Any CPU.Build.0 = Release|Any CPU
		{57CA0C55-29AC-4BF2-8CF0-EC4847550881}.Debug|Any CPU.ActiveCfg = Debug|Any CPU
		{57CA0C55-29AC-4BF2-8CF0-EC4847550881}.Debug|Any CPU.Build.0 = Debug|Any CPU
		{57CA0C55-29AC-4BF2-8CF0-EC4847550881}.Release|Any CPU.ActiveCfg = Release|Any CPU
		{57CA0C55-29AC-4BF2-8CF0-EC4847550881}.Release|Any CPU.Build.0 = Release|Any CPU
		{4078EE15-614D-4CE6-B19D-1439D417713A}.Debug|Any CPU.ActiveCfg = Debug|Any CPU
		{4078EE15-614D-4CE6-B19D-1439D417713A}.Debug|Any CPU.Build.0 = Debug|Any CPU
		{4078EE15-614D-4CE6-B19D-1439D417713A}.Release|Any CPU.ActiveCfg = Release|Any CPU
		{4078EE15-614D-4CE6-B19D-1439D417713A}.Release|Any CPU.Build.0 = Release|Any CPU
		{4A63ABE1-B16C-4ECF-A27F-371133790018}.Debug|Any CPU.ActiveCfg = Debug|Any CPU
		{4A63ABE1-B16C-4ECF-A27F-371133790018}.Debug|Any CPU.Build.0 = Debug|Any CPU
		{4A63ABE1-B16C-4ECF-A27F-371133790018}.Release|Any CPU.ActiveCfg = Release|Any CPU
		{4A63ABE1-B16C-4ECF-A27F-371133790018}.Release|Any CPU.Build.0 = Release|Any CPU
		{92F32654-65B5-4FE5-BFCC-E2D577A35A52}.Debug|Any CPU.ActiveCfg = Debug|Any CPU
		{92F32654-65B5-4FE5-BFCC-E2D577A35A52}.Debug|Any CPU.Build.0 = Debug|Any CPU
		{92F32654-65B5-4FE5-BFCC-E2D577A35A52}.Release|Any CPU.ActiveCfg = Release|Any CPU
		{92F32654-65B5-4FE5-BFCC-E2D577A35A52}.Release|Any CPU.Build.0 = Release|Any CPU
		{20152B01-71FC-40D6-B7C6-A0A785DC4C5F}.Debug|Any CPU.ActiveCfg = Debug|Any CPU
		{20152B01-71FC-40D6-B7C6-A0A785DC4C5F}.Debug|Any CPU.Build.0 = Debug|Any CPU
		{20152B01-71FC-40D6-B7C6-A0A785DC4C5F}.Release|Any CPU.ActiveCfg = Release|Any CPU
		{20152B01-71FC-40D6-B7C6-A0A785DC4C5F}.Release|Any CPU.Build.0 = Release|Any CPU
	EndGlobalSection
	GlobalSection(SolutionProperties) = preSolution
		HideSolutionNode = FALSE
	EndGlobalSection
EndGlobal
