
Microsoft Visual Studio Solution File, Format Version 12.00
# Visual Studio Version 16
VisualStudioVersion = 16.0.29009.5
MinimumVisualStudioVersion = 10.0.40219.1
Project("{FAE04EC0-301F-11D3-BF4B-00C04F79EFBC}") = "Parallel_Test", "Parallel_Test\Parallel_Test.csproj", "{5F4789F1-36EC-44A5-8A31-CC4178C09831}"
EndProject
Project("{FAE04EC0-301F-11D3-BF4B-00C04F79EFBC}") = "City_Project_From_Week_5", "City_Project_From_Week_5\City_Project_From_Week_5.csproj", "{A01F51F4-0B2A-4F56-9BF1-B1D0E306BFE3}"
EndProject
Global
	GlobalSection(SolutionConfigurationPlatforms) = preSolution
		Debug|Any CPU = Debug|Any CPU
		Release|Any CPU = Release|Any CPU
	EndGlobalSection
	GlobalSection(ProjectConfigurationPlatforms) = postSolution
		{5F4789F1-36EC-44A5-8A31-CC4178C09831}.Debug|Any CPU.ActiveCfg = Debug|Any CPU
		{5F4789F1-36EC-44A5-8A31-CC4178C09831}.Debug|Any CPU.Build.0 = Debug|Any CPU
		{5F4789F1-36EC-44A5-8A31-CC4178C09831}.Release|Any CPU.ActiveCfg = Release|Any CPU
		{5F4789F1-36EC-44A5-8A31-CC4178C09831}.Release|Any CPU.Build.0 = Release|Any CPU
		{A01F51F4-0B2A-4F56-9BF1-B1D0E306BFE3}.Debug|Any CPU.ActiveCfg = Debug|Any CPU
		{A01F51F4-0B2A-4F56-9BF1-B1D0E306BFE3}.Debug|Any CPU.Build.0 = Debug|Any CPU
		{A01F51F4-0B2A-4F56-9BF1-B1D0E306BFE3}.Release|Any CPU.ActiveCfg = Release|Any CPU
		{A01F51F4-0B2A-4F56-9BF1-B1D0E306BFE3}.Release|Any CPU.Build.0 = Release|Any CPU
	EndGlobalSection
	GlobalSection(SolutionProperties) = preSolution
		HideSolutionNode = FALSE
	EndGlobalSection
	GlobalSection(ExtensibilityGlobals) = postSolution
		SolutionGuid = {0B286EE0-31C1-4143-BC44-B893EB6E33F6}
	EndGlobalSection
EndGlobal
