
Microsoft Visual Studio Solution File, Format Version 12.00
# Visual Studio Version 16
VisualStudioVersion = 16.0.29009.5
MinimumVisualStudioVersion = 10.0.40219.1
Project("{FAE04EC0-301F-11D3-BF4B-00C04F79EFBC}") = "Function_Calculation", "Function_Calculation\Function_Calculation.csproj", "{36633D7E-3E22-42C2-B954-732CFA384ABB}"
EndProject
Global
	GlobalSection(SolutionConfigurationPlatforms) = preSolution
		Debug|Any CPU = Debug|Any CPU
		Release|Any CPU = Release|Any CPU
	EndGlobalSection
	GlobalSection(ProjectConfigurationPlatforms) = postSolution
		{36633D7E-3E22-42C2-B954-732CFA384ABB}.Debug|Any CPU.ActiveCfg = Debug|Any CPU
		{36633D7E-3E22-42C2-B954-732CFA384ABB}.Debug|Any CPU.Build.0 = Debug|Any CPU
		{36633D7E-3E22-42C2-B954-732CFA384ABB}.Release|Any CPU.ActiveCfg = Release|Any CPU
		{36633D7E-3E22-42C2-B954-732CFA384ABB}.Release|Any CPU.Build.0 = Release|Any CPU
	EndGlobalSection
	GlobalSection(SolutionProperties) = preSolution
		HideSolutionNode = FALSE
	EndGlobalSection
	GlobalSection(ExtensibilityGlobals) = postSolution
		SolutionGuid = {003E80F5-A255-470A-A96B-87A62E9610CF}
	EndGlobalSection
EndGlobal
