
Microsoft Visual Studio Solution File, Format Version 12.00
# Visual Studio Version 16
VisualStudioVersion = 16.0.29009.5
MinimumVisualStudioVersion = 10.0.40219.1
Project("{FAE04EC0-301F-11D3-BF4B-00C04F79EFBC}") = "Registration_Materials", "Registration_Materials\Registration_Materials.csproj", "{A80354CA-0E28-4A43-9357-53371FB9614C}"
EndProject
Project("{FAE04EC0-301F-11D3-BF4B-00C04F79EFBC}") = "Calculator", "Calculator\Calculator.csproj", "{AD19D4D4-2344-4CD0-9791-DC625C674569}"
EndProject
Project("{FAE04EC0-301F-11D3-BF4B-00C04F79EFBC}") = "AccountApp", "AccountApp\AccountApp.csproj", "{E2E22F84-A103-4F8E-867A-00FED345DD08}"
EndProject
Project("{FAE04EC0-301F-11D3-BF4B-00C04F79EFBC}") = "GradeBook", "..\..\..\Week_2\fig04_12_13\GradeBook\GradeBook.csproj", "{2E1738D9-0F21-4628-B838-49C71B02EA88}"
EndProject
Project("{FAE04EC0-301F-11D3-BF4B-00C04F79EFBC}") = "Invoice", "Invoice\Invoice.csproj", "{52F635E3-68E9-44A1-9C36-6F661A01D37F}"
EndProject
Project("{FAE04EC0-301F-11D3-BF4B-00C04F79EFBC}") = "Mystery2_Problem4_Lab2", "Mystery2_Problem4_Lab2\Mystery2_Problem4_Lab2.csproj", "{EA188E9F-609E-4A8D-A1CF-BCD469078FAA}"
EndProject
Global
	GlobalSection(SolutionConfigurationPlatforms) = preSolution
		Debug|Any CPU = Debug|Any CPU
		Release|Any CPU = Release|Any CPU
	EndGlobalSection
	GlobalSection(ProjectConfigurationPlatforms) = postSolution
		{A80354CA-0E28-4A43-9357-53371FB9614C}.Debug|Any CPU.ActiveCfg = Debug|Any CPU
		{A80354CA-0E28-4A43-9357-53371FB9614C}.Debug|Any CPU.Build.0 = Debug|Any CPU
		{A80354CA-0E28-4A43-9357-53371FB9614C}.Release|Any CPU.ActiveCfg = Release|Any CPU
		{A80354CA-0E28-4A43-9357-53371FB9614C}.Release|Any CPU.Build.0 = Release|Any CPU
		{AD19D4D4-2344-4CD0-9791-DC625C674569}.Debug|Any CPU.ActiveCfg = Debug|Any CPU
		{AD19D4D4-2344-4CD0-9791-DC625C674569}.Debug|Any CPU.Build.0 = Debug|Any CPU
		{AD19D4D4-2344-4CD0-9791-DC625C674569}.Release|Any CPU.ActiveCfg = Release|Any CPU
		{AD19D4D4-2344-4CD0-9791-DC625C674569}.Release|Any CPU.Build.0 = Release|Any CPU
		{E2E22F84-A103-4F8E-867A-00FED345DD08}.Debug|Any CPU.ActiveCfg = Debug|Any CPU
		{E2E22F84-A103-4F8E-867A-00FED345DD08}.Debug|Any CPU.Build.0 = Debug|Any CPU
		{E2E22F84-A103-4F8E-867A-00FED345DD08}.Release|Any CPU.ActiveCfg = Release|Any CPU
		{E2E22F84-A103-4F8E-867A-00FED345DD08}.Release|Any CPU.Build.0 = Release|Any CPU
		{2E1738D9-0F21-4628-B838-49C71B02EA88}.Debug|Any CPU.ActiveCfg = Debug|Any CPU
		{2E1738D9-0F21-4628-B838-49C71B02EA88}.Debug|Any CPU.Build.0 = Debug|Any CPU
		{2E1738D9-0F21-4628-B838-49C71B02EA88}.Release|Any CPU.ActiveCfg = Release|Any CPU
		{2E1738D9-0F21-4628-B838-49C71B02EA88}.Release|Any CPU.Build.0 = Release|Any CPU
		{52F635E3-68E9-44A1-9C36-6F661A01D37F}.Debug|Any CPU.ActiveCfg = Debug|Any CPU
		{52F635E3-68E9-44A1-9C36-6F661A01D37F}.Debug|Any CPU.Build.0 = Debug|Any CPU
		{52F635E3-68E9-44A1-9C36-6F661A01D37F}.Release|Any CPU.ActiveCfg = Release|Any CPU
		{52F635E3-68E9-44A1-9C36-6F661A01D37F}.Release|Any CPU.Build.0 = Release|Any CPU
		{EA188E9F-609E-4A8D-A1CF-BCD469078FAA}.Debug|Any CPU.ActiveCfg = Debug|Any CPU
		{EA188E9F-609E-4A8D-A1CF-BCD469078FAA}.Debug|Any CPU.Build.0 = Debug|Any CPU
		{EA188E9F-609E-4A8D-A1CF-BCD469078FAA}.Release|Any CPU.ActiveCfg = Release|Any CPU
		{EA188E9F-609E-4A8D-A1CF-BCD469078FAA}.Release|Any CPU.Build.0 = Release|Any CPU
	EndGlobalSection
	GlobalSection(SolutionProperties) = preSolution
		HideSolutionNode = FALSE
	EndGlobalSection
	GlobalSection(ExtensibilityGlobals) = postSolution
		SolutionGuid = {6C070D65-702F-4FA5-90E6-0D88EEC8F622}
	EndGlobalSection
EndGlobal
