
Microsoft Visual Studio Solution File, Format Version 12.00
# Visual Studio Version 16
VisualStudioVersion = 16.0.29009.5
MinimumVisualStudioVersion = 10.0.40219.1
Project("{FAE04EC0-301F-11D3-BF4B-00C04F79EFBC}") = "Lab11Prob1", "Lab11Prob1\Lab11Prob1.csproj", "{761AC822-FAAF-41FF-B336-2EA5B807F75C}"
EndProject
Project("{FAE04EC0-301F-11D3-BF4B-00C04F79EFBC}") = "Lab11Prob1ClassLibrary", "Lab11Prob1ClassLibrary\Lab11Prob1ClassLibrary.csproj", "{84B65752-9819-40E2-8A45-9727557A1C98}"
EndProject
Global
	GlobalSection(SolutionConfigurationPlatforms) = preSolution
		Debug|Any CPU = Debug|Any CPU
		Release|Any CPU = Release|Any CPU
	EndGlobalSection
	GlobalSection(ProjectConfigurationPlatforms) = postSolution
		{761AC822-FAAF-41FF-B336-2EA5B807F75C}.Debug|Any CPU.ActiveCfg = Debug|Any CPU
		{761AC822-FAAF-41FF-B336-2EA5B807F75C}.Debug|Any CPU.Build.0 = Debug|Any CPU
		{761AC822-FAAF-41FF-B336-2EA5B807F75C}.Release|Any CPU.ActiveCfg = Release|Any CPU
		{761AC822-FAAF-41FF-B336-2EA5B807F75C}.Release|Any CPU.Build.0 = Release|Any CPU
		{84B65752-9819-40E2-8A45-9727557A1C98}.Debug|Any CPU.ActiveCfg = Debug|Any CPU
		{84B65752-9819-40E2-8A45-9727557A1C98}.Debug|Any CPU.Build.0 = Debug|Any CPU
		{84B65752-9819-40E2-8A45-9727557A1C98}.Release|Any CPU.ActiveCfg = Release|Any CPU
		{84B65752-9819-40E2-8A45-9727557A1C98}.Release|Any CPU.Build.0 = Release|Any CPU
	EndGlobalSection
	GlobalSection(SolutionProperties) = preSolution
		HideSolutionNode = FALSE
	EndGlobalSection
	GlobalSection(ExtensibilityGlobals) = postSolution
		SolutionGuid = {6114EA91-F098-46EA-A75A-0982F4E46122}
	EndGlobalSection
EndGlobal
